
Microsoft Visual Studio Solution File, Format Version 12.00
# Visual Studio Version 17
VisualStudioVersion = 17.2.32526.322
MinimumVisualStudioVersion = 10.0.40219.1
Project("{FAE04EC0-301F-11D3-BF4B-00C04F79EFBC}") = "WinFormsApp1", "WinFormsApp1\WinFormsApp1.csproj", "{10FAEA9B-EA3E-40A6-A39F-E9C4DD56D711}"
EndProject
Global
	GlobalSection(SolutionConfigurationPlatforms) = preSolution
		Debug|Any CPU = Debug|Any CPU
		Release|Any CPU = Release|Any CPU
	EndGlobalSection
	GlobalSection(ProjectConfigurationPlatforms) = postSolution
		{10FAEA9B-EA3E-40A6-A39F-E9C4DD56D711}.Debug|Any CPU.ActiveCfg = Debug|Any CPU
		{10FAEA9B-EA3E-40A6-A39F-E9C4DD56D711}.Debug|Any CPU.Build.0 = Debug|Any CPU
		{10FAEA9B-EA3E-40A6-A39F-E9C4DD56D711}.Release|Any CPU.ActiveCfg = Release|Any CPU
		{10FAEA9B-EA3E-40A6-A39F-E9C4DD56D711}.Release|Any CPU.Build.0 = Release|Any CPU
	EndGlobalSection
	GlobalSection(SolutionProperties) = preSolution
		HideSolutionNode = FALSE
	EndGlobalSection
	GlobalSection(ExtensibilityGlobals) = postSolution
		SolutionGuid = {2AF05FFE-9848-40F4-A4D6-E46740053158}
	EndGlobalSection
EndGlobal
